
Microsoft Visual Studio Solution File, Format Version 12.00
# Visual Studio 15
VisualStudioVersion = 15.0.26730.16
MinimumVisualStudioVersion = 10.0.40219.1
Project("{FAE04EC0-301F-11D3-BF4B-00C04F79EFBC}") = "WEBFORM", "WEBFORM\WEBFORM.csproj", "{BFC01256-3CBC-474A-BBE9-B834C78BB478}"
EndProject
Global
	GlobalSection(SolutionConfigurationPlatforms) = preSolution
		Debug|Any CPU = Debug|Any CPU
		Release|Any CPU = Release|Any CPU
	EndGlobalSection
	GlobalSection(ProjectConfigurationPlatforms) = postSolution
		{BFC01256-3CBC-474A-BBE9-B834C78BB478}.Debug|Any CPU.ActiveCfg = Debug|Any CPU
		{BFC01256-3CBC-474A-BBE9-B834C78BB478}.Debug|Any CPU.Build.0 = Debug|Any CPU
		{BFC01256-3CBC-474A-BBE9-B834C78BB478}.Release|Any CPU.ActiveCfg = Release|Any CPU
		{BFC01256-3CBC-474A-BBE9-B834C78BB478}.Release|Any CPU.Build.0 = Release|Any CPU
	EndGlobalSection
	GlobalSection(SolutionProperties) = preSolution
		HideSolutionNode = FALSE
	EndGlobalSection
	GlobalSection(ExtensibilityGlobals) = postSolution
		SolutionGuid = {A3F169AF-AC55-4963-873E-15C48CBEB692}
	EndGlobalSection
EndGlobal
